
Microsoft Visual Studio Solution File, Format Version 12.00
# Visual Studio Version 16
VisualStudioVersion = 16.0.31025.194
MinimumVisualStudioVersion = 10.0.40219.1
Project("{2150E333-8FDC-42A3-9474-1A3956D46DE8}") = "all", "all", "{253B8148-EAC6-492C-B70A-72FD615E315B}"
	ProjectSection(SolutionItems) = preProject
		.gitignore = .gitignore
		readme.md = readme.md
	EndProjectSection
EndProject
Project("{8BC9CEB8-8B4A-11D0-8D11-00A0C91BC942}") = "idtd", "project\idtd\idtd.vcxproj", "{B1D979E4-DCDE-4C0A-B0C8-BA9A225C276E}"
EndProject
Project("{8BC9CEB8-8B4A-11D0-8D11-00A0C91BC942}") = "ps", "project\ps\ps.vcxproj", "{B537668F-6F97-48F4-BFA9-88FD5FA743CD}"
EndProject
Project("{8BC9CEB8-8B4A-11D0-8D11-00A0C91BC942}") = "rsh", "project\rsh\rsh.vcxproj", "{342C0F22-8A7B-4425-98DE-1825AB0849B2}"
EndProject
Project("{8BC9CEB8-8B4A-11D0-8D11-00A0C91BC942}") = "rshd", "project\rshd\rshd.vcxproj", "{34EC7BFC-5E63-4324-95EE-06AF52B354D9}"
EndProject
Project("{8BC9CEB8-8B4A-11D0-8D11-00A0C91BC942}") = "idtsh", "project\idtsh\idtsh.vcxproj", "{E971B84D-F55F-490C-827F-555014EC5B22}"
EndProject
Project("{2150E333-8FDC-42A3-9474-1A3956D46DE8}") = "common", "common", "{0AF31D22-18EA-4E4F-84EC-9BFC796737DB}"
EndProject
Project("{2150E333-8FDC-42A3-9474-1A3956D46DE8}") = "exploit", "exploit", "{433F327A-5EAC-49FE-86B0-E42E62753E5E}"
EndProject
Project("{8BC9CEB8-8B4A-11D0-8D11-00A0C91BC942}") = "pev", "project\pev\pev.vcxproj", "{D0BAAD78-DE9E-48CF-98A9-F72577734393}"
	ProjectSection(ProjectDependencies) = postProject
		{73866D25-9804-42EE-841E-5492D576DD8F} = {73866D25-9804-42EE-841E-5492D576DD8F}
	EndProjectSection
EndProject
Project("{8BC9CEB8-8B4A-11D0-8D11-00A0C91BC942}") = "cekn", "project\cekn\cekn.vcxproj", "{73866D25-9804-42EE-841E-5492D576DD8F}"
EndProject
Project("{8BC9CEB8-8B4A-11D0-8D11-00A0C91BC942}") = "fhv", "project\fhv\fhv.vcxproj", "{F8495363-8BDB-4F27-8F67-1BF4D45039E4}"
EndProject
Global
	GlobalSection(SolutionConfigurationPlatforms) = preSolution
		Debug|x64 = Debug|x64
		Debug|x86 = Debug|x86
		Release|x64 = Release|x64
		Release|x86 = Release|x86
	EndGlobalSection
	GlobalSection(ProjectConfigurationPlatforms) = postSolution
		{B1D979E4-DCDE-4C0A-B0C8-BA9A225C276E}.Debug|x64.ActiveCfg = Debug|x64
		{B1D979E4-DCDE-4C0A-B0C8-BA9A225C276E}.Debug|x64.Build.0 = Debug|x64
		{B1D979E4-DCDE-4C0A-B0C8-BA9A225C276E}.Debug|x86.ActiveCfg = Debug|Win32
		{B1D979E4-DCDE-4C0A-B0C8-BA9A225C276E}.Debug|x86.Build.0 = Debug|Win32
		{B1D979E4-DCDE-4C0A-B0C8-BA9A225C276E}.Release|x64.ActiveCfg = Release|x64
		{B1D979E4-DCDE-4C0A-B0C8-BA9A225C276E}.Release|x64.Build.0 = Release|x64
		{B1D979E4-DCDE-4C0A-B0C8-BA9A225C276E}.Release|x86.ActiveCfg = Release|Win32
		{B1D979E4-DCDE-4C0A-B0C8-BA9A225C276E}.Release|x86.Build.0 = Release|Win32
		{B537668F-6F97-48F4-BFA9-88FD5FA743CD}.Debug|x64.ActiveCfg = Debug|x64
		{B537668F-6F97-48F4-BFA9-88FD5FA743CD}.Debug|x64.Build.0 = Debug|x64
		{B537668F-6F97-48F4-BFA9-88FD5FA743CD}.Debug|x86.ActiveCfg = Debug|Win32
		{B537668F-6F97-48F4-BFA9-88FD5FA743CD}.Debug|x86.Build.0 = Debug|Win32
		{B537668F-6F97-48F4-BFA9-88FD5FA743CD}.Release|x64.ActiveCfg = Release|x64
		{B537668F-6F97-48F4-BFA9-88FD5FA743CD}.Release|x64.Build.0 = Release|x64
		{B537668F-6F97-48F4-BFA9-88FD5FA743CD}.Release|x86.ActiveCfg = Release|Win32
		{B537668F-6F97-48F4-BFA9-88FD5FA743CD}.Release|x86.Build.0 = Release|Win32
		{342C0F22-8A7B-4425-98DE-1825AB0849B2}.Debug|x64.ActiveCfg = Debug|x64
		{342C0F22-8A7B-4425-98DE-1825AB0849B2}.Debug|x64.Build.0 = Debug|x64
		{342C0F22-8A7B-4425-98DE-1825AB0849B2}.Debug|x86.ActiveCfg = Debug|Win32
		{342C0F22-8A7B-4425-98DE-1825AB0849B2}.Debug|x86.Build.0 = Debug|Win32
		{342C0F22-8A7B-4425-98DE-1825AB0849B2}.Release|x64.ActiveCfg = Release|x64
		{342C0F22-8A7B-4425-98DE-1825AB0849B2}.Release|x64.Build.0 = Release|x64
		{342C0F22-8A7B-4425-98DE-1825AB0849B2}.Release|x86.ActiveCfg = Release|Win32
		{342C0F22-8A7B-4425-98DE-1825AB0849B2}.Release|x86.Build.0 = Release|Win32
		{34EC7BFC-5E63-4324-95EE-06AF52B354D9}.Debug|x64.ActiveCfg = Debug|x64
		{34EC7BFC-5E63-4324-95EE-06AF52B354D9}.Debug|x64.Build.0 = Debug|x64
		{34EC7BFC-5E63-4324-95EE-06AF52B354D9}.Debug|x86.ActiveCfg = Debug|Win32
		{34EC7BFC-5E63-4324-95EE-06AF52B354D9}.Debug|x86.Build.0 = Debug|Win32
		{34EC7BFC-5E63-4324-95EE-06AF52B354D9}.Release|x64.ActiveCfg = Release|x64
		{34EC7BFC-5E63-4324-95EE-06AF52B354D9}.Release|x64.Build.0 = Release|x64
		{34EC7BFC-5E63-4324-95EE-06AF52B354D9}.Release|x86.ActiveCfg = Release|Win32
		{34EC7BFC-5E63-4324-95EE-06AF52B354D9}.Release|x86.Build.0 = Release|Win32
		{E971B84D-F55F-490C-827F-555014EC5B22}.Debug|x64.ActiveCfg = Debug|x64
		{E971B84D-F55F-490C-827F-555014EC5B22}.Debug|x64.Build.0 = Debug|x64
		{E971B84D-F55F-490C-827F-555014EC5B22}.Debug|x86.ActiveCfg = Debug|Win32
		{E971B84D-F55F-490C-827F-555014EC5B22}.Debug|x86.Build.0 = Debug|Win32
		{E971B84D-F55F-490C-827F-555014EC5B22}.Release|x64.ActiveCfg = Release|x64
		{E971B84D-F55F-490C-827F-555014EC5B22}.Release|x64.Build.0 = Release|x64
		{E971B84D-F55F-490C-827F-555014EC5B22}.Release|x86.ActiveCfg = Release|Win32
		{E971B84D-F55F-490C-827F-555014EC5B22}.Release|x86.Build.0 = Release|Win32
		{D0BAAD78-DE9E-48CF-98A9-F72577734393}.Debug|x64.ActiveCfg = Debug|x64
		{D0BAAD78-DE9E-48CF-98A9-F72577734393}.Debug|x64.Build.0 = Debug|x64
		{D0BAAD78-DE9E-48CF-98A9-F72577734393}.Debug|x86.ActiveCfg = Debug|Win32
		{D0BAAD78-DE9E-48CF-98A9-F72577734393}.Debug|x86.Build.0 = Debug|Win32
		{D0BAAD78-DE9E-48CF-98A9-F72577734393}.Release|x64.ActiveCfg = Release|x64
		{D0BAAD78-DE9E-48CF-98A9-F72577734393}.Release|x64.Build.0 = Release|x64
		{D0BAAD78-DE9E-48CF-98A9-F72577734393}.Release|x86.ActiveCfg = Release|Win32
		{D0BAAD78-DE9E-48CF-98A9-F72577734393}.Release|x86.Build.0 = Release|Win32
		{73866D25-9804-42EE-841E-5492D576DD8F}.Debug|x64.ActiveCfg = Debug|x64
		{73866D25-9804-42EE-841E-5492D576DD8F}.Debug|x64.Build.0 = Debug|x64
		{73866D25-9804-42EE-841E-5492D576DD8F}.Debug|x86.ActiveCfg = Debug|Win32
		{73866D25-9804-42EE-841E-5492D576DD8F}.Debug|x86.Build.0 = Debug|Win32
		{73866D25-9804-42EE-841E-5492D576DD8F}.Release|x64.ActiveCfg = Release|x64
		{73866D25-9804-42EE-841E-5492D576DD8F}.Release|x64.Build.0 = Release|x64
		{73866D25-9804-42EE-841E-5492D576DD8F}.Release|x86.ActiveCfg = Release|Win32
		{73866D25-9804-42EE-841E-5492D576DD8F}.Release|x86.Build.0 = Release|Win32
		{F8495363-8BDB-4F27-8F67-1BF4D45039E4}.Debug|x64.ActiveCfg = Debug|x64
		{F8495363-8BDB-4F27-8F67-1BF4D45039E4}.Debug|x64.Build.0 = Debug|x64
		{F8495363-8BDB-4F27-8F67-1BF4D45039E4}.Debug|x86.ActiveCfg = Debug|Win32
		{F8495363-8BDB-4F27-8F67-1BF4D45039E4}.Debug|x86.Build.0 = Debug|Win32
		{F8495363-8BDB-4F27-8F67-1BF4D45039E4}.Release|x64.ActiveCfg = Release|x64
		{F8495363-8BDB-4F27-8F67-1BF4D45039E4}.Release|x64.Build.0 = Release|x64
		{F8495363-8BDB-4F27-8F67-1BF4D45039E4}.Release|x86.ActiveCfg = Release|Win32
		{F8495363-8BDB-4F27-8F67-1BF4D45039E4}.Release|x86.Build.0 = Release|Win32
	EndGlobalSection
	GlobalSection(SolutionProperties) = preSolution
		HideSolutionNode = FALSE
	EndGlobalSection
	GlobalSection(NestedProjects) = preSolution
		{0AF31D22-18EA-4E4F-84EC-9BFC796737DB} = {253B8148-EAC6-492C-B70A-72FD615E315B}
		{433F327A-5EAC-49FE-86B0-E42E62753E5E} = {253B8148-EAC6-492C-B70A-72FD615E315B}
	EndGlobalSection
	GlobalSection(ExtensibilityGlobals) = postSolution
		SolutionGuid = {47B048B1-7776-4D0B-9D79-2C32ED4B3858}
	EndGlobalSection
EndGlobal
