
Microsoft Visual Studio Solution File, Format Version 12.00
# Visual Studio Version 17
VisualStudioVersion = 17.2.32602.215
MinimumVisualStudioVersion = 10.0.40219.1
Project("{8BC9CEB8-8B4A-11D0-8D11-00A0C91BC942}") = "duidemo", "duidemo\duidemo.vcxproj", "{7E81801B-0AEA-4995-B587-9391807A097A}"
EndProject
Project("{8BC9CEB8-8B4A-11D0-8D11-00A0C91BC942}") = "duidemo2", "duidemo2\duidemo2.vcxproj", "{8F1C9241-15F8-4A7B-BE93-1997DB8016EE}"
EndProject
Project("{8BC9CEB8-8B4A-11D0-8D11-00A0C91BC942}") = "duidemo3", "duidemo3\duidemo3.vcxproj", "{62BF1FDA-8706-4E8B-9963-332193CE81DC}"
EndProject
Global
	GlobalSection(SolutionConfigurationPlatforms) = preSolution
		Debug|x64 = Debug|x64
		Debug|x86 = Debug|x86
		Release|x64 = Release|x64
		Release|x86 = Release|x86
	EndGlobalSection
	GlobalSection(ProjectConfigurationPlatforms) = postSolution
		{7E81801B-0AEA-4995-B587-9391807A097A}.Debug|x64.ActiveCfg = Debug|x64
		{7E81801B-0AEA-4995-B587-9391807A097A}.Debug|x64.Build.0 = Debug|x64
		{7E81801B-0AEA-4995-B587-9391807A097A}.Debug|x86.ActiveCfg = Debug|Win32
		{7E81801B-0AEA-4995-B587-9391807A097A}.Debug|x86.Build.0 = Debug|Win32
		{7E81801B-0AEA-4995-B587-9391807A097A}.Release|x64.ActiveCfg = Release|x64
		{7E81801B-0AEA-4995-B587-9391807A097A}.Release|x64.Build.0 = Release|x64
		{7E81801B-0AEA-4995-B587-9391807A097A}.Release|x86.ActiveCfg = Release|Win32
		{7E81801B-0AEA-4995-B587-9391807A097A}.Release|x86.Build.0 = Release|Win32
		{8F1C9241-15F8-4A7B-BE93-1997DB8016EE}.Debug|x64.ActiveCfg = Debug|x64
		{8F1C9241-15F8-4A7B-BE93-1997DB8016EE}.Debug|x64.Build.0 = Debug|x64
		{8F1C9241-15F8-4A7B-BE93-1997DB8016EE}.Debug|x86.ActiveCfg = Debug|Win32
		{8F1C9241-15F8-4A7B-BE93-1997DB8016EE}.Debug|x86.Build.0 = Debug|Win32
		{8F1C9241-15F8-4A7B-BE93-1997DB8016EE}.Release|x64.ActiveCfg = Release|x64
		{8F1C9241-15F8-4A7B-BE93-1997DB8016EE}.Release|x64.Build.0 = Release|x64
		{8F1C9241-15F8-4A7B-BE93-1997DB8016EE}.Release|x86.ActiveCfg = Release|Win32
		{8F1C9241-15F8-4A7B-BE93-1997DB8016EE}.Release|x86.Build.0 = Release|Win32
		{62BF1FDA-8706-4E8B-9963-332193CE81DC}.Debug|x64.ActiveCfg = Debug|x64
		{62BF1FDA-8706-4E8B-9963-332193CE81DC}.Debug|x64.Build.0 = Debug|x64
		{62BF1FDA-8706-4E8B-9963-332193CE81DC}.Debug|x86.ActiveCfg = Debug|Win32
		{62BF1FDA-8706-4E8B-9963-332193CE81DC}.Debug|x86.Build.0 = Debug|Win32
		{62BF1FDA-8706-4E8B-9963-332193CE81DC}.Release|x64.ActiveCfg = Release|x64
		{62BF1FDA-8706-4E8B-9963-332193CE81DC}.Release|x64.Build.0 = Release|x64
		{62BF1FDA-8706-4E8B-9963-332193CE81DC}.Release|x86.ActiveCfg = Release|Win32
		{62BF1FDA-8706-4E8B-9963-332193CE81DC}.Release|x86.Build.0 = Release|Win32
	EndGlobalSection
	GlobalSection(SolutionProperties) = preSolution
		HideSolutionNode = FALSE
	EndGlobalSection
	GlobalSection(ExtensibilityGlobals) = postSolution
		SolutionGuid = {9093307E-945A-4377-B4F2-53360CD10BBA}
	EndGlobalSection
EndGlobal
